
Microsoft Visual Studio Solution File, Format Version 12.00
Project("{FAE04EC0-301F-11D3-BF4B-00C04F79EFBC}") = "AoC2020", "AoC2020\AoC2020.csproj", "{ED5C06BF-61E8-4E9E-BA13-F44ED70F6020}"
EndProject
Global
	GlobalSection(SolutionConfigurationPlatforms) = preSolution
		Debug|Any CPU = Debug|Any CPU
		Release|Any CPU = Release|Any CPU
	EndGlobalSection
	GlobalSection(ProjectConfigurationPlatforms) = postSolution
		{ED5C06BF-61E8-4E9E-BA13-F44ED70F6020}.Debug|Any CPU.ActiveCfg = Debug|Any CPU
		{ED5C06BF-61E8-4E9E-BA13-F44ED70F6020}.Debug|Any CPU.Build.0 = Debug|Any CPU
		{ED5C06BF-61E8-4E9E-BA13-F44ED70F6020}.Release|Any CPU.ActiveCfg = Release|Any CPU
		{ED5C06BF-61E8-4E9E-BA13-F44ED70F6020}.Release|Any CPU.Build.0 = Release|Any CPU
	EndGlobalSection
EndGlobal
